PODS:
  - Flutter (1.0.0)
  - okta_oidc_flutter (0.0.1):
    - Flutter
    - OktaAuthSdk
    - OktaIdx
    - OktaOidc
  - OktaAuthFoundation (1.2.0)
  - OktaAuthSdk (2.4.3)
  - OktaIdx (3.0.7):
    - OktaAuthFoundation (~> 1.2)
  - OktaOidc (3.11.2):
    - OktaOidc/AppAuth (= 3.11.2)
    - OktaOidc/Okta (= 3.11.2)
  - OktaOidc/AppAuth (3.11.2)
  - OktaOidc/Okta (3.11.2):
    - OktaOidc/AppAuth

DEPENDENCIES:
  - Flutter (from `Flutter`)
  - okta_oidc_flutter (from `.symlinks/plugins/okta_oidc_flutter/ios`)

SPEC REPOS:
  trunk:
    - OktaAuthFoundation
    - OktaAuthSdk
    - OktaIdx
    - OktaOidc

EXTERNAL SOURCES:
  Flutter:
    :path: Flutter
  okta_oidc_flutter:
    :path: ".symlinks/plugins/okta_oidc_flutter/ios"

SPEC CHECKSUMS:
  Flutter: f04841e97a9d0b0a8025694d0796dd46242b2854
  okta_oidc_flutter: 4e6a93faafd36f58e0a45b05e940656b852ea7ab
  OktaAuthFoundation: a90bf940c2a098bf409143f26d12e1d31ca07772
  OktaAuthSdk: f00a17beb4e5c76a37c2c0ebc9e6b6999b829523
  OktaIdx: 5222daf6059dad4c365f6e8e5695b01cd5ff74f7
  OktaOidc: 15fb3d494103d4f07ba8a523b3347d02c4d30486

PODFILE CHECKSUM: 4e8f8b2be68aeea4c0d5beb6ff1e79fface1d048

COCOAPODS: 1.11.3
